# THIS IS AN AUTOGENERATED FILE. DO NOT EDIT THIS FILE DIRECTLY.
# yarn lockfile v1


"@types/serverless@^3.12.22":
  version "3.12.22"
  resolved "https://registry.yarnpkg.com/@types/serverless/-/serverless-3.12.22.tgz#8cdbd60c23b7e51bf1c101c2a9916161ff35aa70"
  integrity sha512-h6U8jv22T0N+9mcKBK2p/gVmcrKW7trUdVNhGemm8bct0lx3i/7svt1x0o/q87nMtOJMcqSvqFz63c7jM1X2Ew==

prettier@^3.2.5:
  version "3.2.5"
  resolved "https://registry.yarnpkg.com/prettier/-/prettier-3.2.5.tgz#e52bc3090586e824964a8813b09aba6233b28368"
  integrity sha512-3/GWa9aOC0YeD7LUfvOG2NiDyhOWRvt1k+rcKhOuYnMY24iiCphgneUfJDyFXd6rZCAnuLBv6UeAULtrhT/F4A==
